
Microsoft Visual Studio Solution File, Format Version 12.00
# Visual Studio Version 17
VisualStudioVersion = 17.2.32602.215
MinimumVisualStudioVersion = 10.0.40219.1
Project("{2150E333-8FDC-42A3-9474-1A3956D46DE8}") = "src", "src", "{DF380221-ADDE-42C7-A545-3CDFFFAC5DF4}"
EndProject
Project("{2150E333-8FDC-42A3-9474-1A3956D46DE8}") = "test", "test", "{8B2848E6-A959-47E2-80B8-612F5B73B4DE}"
EndProject
Project("{9A19103F-16F7-4668-BE54-9A1E7A4F7556}") = "Inventiv.Sample.App.Rest", "src\Inventiv.Sample.App.Rest\Inventiv.Sample.App.Rest.csproj", "{47BE9F3F-6CB9-4B7D-B343-19A47896589D}"
EndProject
Project("{9A19103F-16F7-4668-BE54-9A1E7A4F7556}") = "Inventiv.Sample.App.Service", "src\Inventiv.Sample.App.Service\Inventiv.Sample.App.Service.csproj", "{C65E018E-BB81-4376-8D58-E4807D0CA165}"
EndProject
Project("{9A19103F-16F7-4668-BE54-9A1E7A4F7556}") = "Inventiv.Sample.Module.Todo", "src\Inventiv.Sample.Module.Todo\Inventiv.Sample.Module.Todo.csproj", "{9AA3B981-86C4-40D3-BE23-2270D8955EC4}"
EndProject
Project("{9A19103F-16F7-4668-BE54-9A1E7A4F7556}") = "Inventiv.Sample.Test.Todo", "test\Inventiv.Sample.Test.Todo\Inventiv.Sample.Test.Todo.csproj", "{567618AE-1C0F-4507-87A0-D2DE025C9CAF}"
EndProject
Global
	GlobalSection(SolutionConfigurationPlatforms) = preSolution
		Debug|Any CPU = Debug|Any CPU
		Release|Any CPU = Release|Any CPU
	EndGlobalSection
	GlobalSection(ProjectConfigurationPlatforms) = postSolution
		{47BE9F3F-6CB9-4B7D-B343-19A47896589D}.Debug|Any CPU.ActiveCfg = Debug|Any CPU
		{47BE9F3F-6CB9-4B7D-B343-19A47896589D}.Debug|Any CPU.Build.0 = Debug|Any CPU
		{47BE9F3F-6CB9-4B7D-B343-19A47896589D}.Release|Any CPU.ActiveCfg = Release|Any CPU
		{47BE9F3F-6CB9-4B7D-B343-19A47896589D}.Release|Any CPU.Build.0 = Release|Any CPU
		{C65E018E-BB81-4376-8D58-E4807D0CA165}.Debug|Any CPU.ActiveCfg = Debug|Any CPU
		{C65E018E-BB81-4376-8D58-E4807D0CA165}.Debug|Any CPU.Build.0 = Debug|Any CPU
		{C65E018E-BB81-4376-8D58-E4807D0CA165}.Release|Any CPU.ActiveCfg = Release|Any CPU
		{C65E018E-BB81-4376-8D58-E4807D0CA165}.Release|Any CPU.Build.0 = Release|Any CPU
		{9AA3B981-86C4-40D3-BE23-2270D8955EC4}.Debug|Any CPU.ActiveCfg = Debug|Any CPU
		{9AA3B981-86C4-40D3-BE23-2270D8955EC4}.Debug|Any CPU.Build.0 = Debug|Any CPU
		{9AA3B981-86C4-40D3-BE23-2270D8955EC4}.Release|Any CPU.ActiveCfg = Release|Any CPU
		{9AA3B981-86C4-40D3-BE23-2270D8955EC4}.Release|Any CPU.Build.0 = Release|Any CPU
		{567618AE-1C0F-4507-87A0-D2DE025C9CAF}.Debug|Any CPU.ActiveCfg = Debug|Any CPU
		{567618AE-1C0F-4507-87A0-D2DE025C9CAF}.Debug|Any CPU.Build.0 = Debug|Any CPU
		{567618AE-1C0F-4507-87A0-D2DE025C9CAF}.Release|Any CPU.ActiveCfg = Release|Any CPU
		{567618AE-1C0F-4507-87A0-D2DE025C9CAF}.Release|Any CPU.Build.0 = Release|Any CPU
	EndGlobalSection
	GlobalSection(SolutionProperties) = preSolution
		HideSolutionNode = FALSE
	EndGlobalSection
	GlobalSection(NestedProjects) = preSolution
		{47BE9F3F-6CB9-4B7D-B343-19A47896589D} = {DF380221-ADDE-42C7-A545-3CDFFFAC5DF4}
		{C65E018E-BB81-4376-8D58-E4807D0CA165} = {DF380221-ADDE-42C7-A545-3CDFFFAC5DF4}
		{9AA3B981-86C4-40D3-BE23-2270D8955EC4} = {DF380221-ADDE-42C7-A545-3CDFFFAC5DF4}
		{567618AE-1C0F-4507-87A0-D2DE025C9CAF} = {8B2848E6-A959-47E2-80B8-612F5B73B4DE}
	EndGlobalSection
	GlobalSection(ExtensibilityGlobals) = postSolution
		SolutionGuid = {B085FADF-F303-46CE-9B24-08152C2FCDD5}
	EndGlobalSection
EndGlobal
