
Microsoft Visual Studio Solution File, Format Version 12.00
# Visual Studio Version 17
VisualStudioVersion = 17.2.32602.215
MinimumVisualStudioVersion = 10.0.40219.1
Project("{2150E333-8FDC-42A3-9474-1A3956D46DE8}") = "src", "src", "{DF380221-ADDE-42C7-A545-3CDFFFAC5DF4}"
EndProject
Project("{2150E333-8FDC-42A3-9474-1A3956D46DE8}") = "test", "test", "{8B2848E6-A959-47E2-80B8-612F5B73B4DE}"
EndProject
Project("{FAE04EC0-301F-11D3-BF4B-00C04F79EFBC}") = "Inventiv.Sample.App.Rest", "src\Inventiv.Sample.App.Rest\Inventiv.Sample.App.Rest.csproj", "{C7D6EA13-8765-42DD-87AC-8B2F421D358F}"
EndProject
Project("{FAE04EC0-301F-11D3-BF4B-00C04F79EFBC}") = "Inventiv.Sample.App.Service", "src\Inventiv.Sample.App.Service\Inventiv.Sample.App.Service.csproj", "{5A320ABD-8349-40AA-9319-2C5C3AA968A8}"
EndProject
Project("{FAE04EC0-301F-11D3-BF4B-00C04F79EFBC}") = "Inventiv.Sample.Module.Todo", "src\Inventiv.Sample.Module.Todo\Inventiv.Sample.Module.Todo.csproj", "{02CF32FE-C63E-4EF1-B691-1113C20B8A3B}"
EndProject
Project("{FAE04EC0-301F-11D3-BF4B-00C04F79EFBC}") = "Inventiv.Sample.Test.Todo", "test\Inventiv.Sample.Test.Todo\Inventiv.Sample.Test.Todo.csproj", "{DD711120-5E65-4398-AE7A-C3F3EA9DE7FF}"
EndProject
Global
	GlobalSection(SolutionProperties) = preSolution
		HideSolutionNode = FALSE
	EndGlobalSection
	GlobalSection(ExtensibilityGlobals) = postSolution
		SolutionGuid = {B085FADF-F303-46CE-9B24-08152C2FCDD5}
	EndGlobalSection
	GlobalSection(SolutionConfigurationPlatforms) = preSolution
		Debug|Any CPU = Debug|Any CPU
		Debug|x64 = Debug|x64
		Debug|x86 = Debug|x86
		Release|Any CPU = Release|Any CPU
		Release|x64 = Release|x64
		Release|x86 = Release|x86
	EndGlobalSection
	GlobalSection(ProjectConfigurationPlatforms) = postSolution
		{C7D6EA13-8765-42DD-87AC-8B2F421D358F}.Debug|Any CPU.ActiveCfg = Debug|Any CPU
		{C7D6EA13-8765-42DD-87AC-8B2F421D358F}.Debug|Any CPU.Build.0 = Debug|Any CPU
		{C7D6EA13-8765-42DD-87AC-8B2F421D358F}.Debug|x64.ActiveCfg = Debug|Any CPU
		{C7D6EA13-8765-42DD-87AC-8B2F421D358F}.Debug|x64.Build.0 = Debug|Any CPU
		{C7D6EA13-8765-42DD-87AC-8B2F421D358F}.Debug|x86.ActiveCfg = Debug|Any CPU
		{C7D6EA13-8765-42DD-87AC-8B2F421D358F}.Debug|x86.Build.0 = Debug|Any CPU
		{C7D6EA13-8765-42DD-87AC-8B2F421D358F}.Release|Any CPU.ActiveCfg = Release|Any CPU
		{C7D6EA13-8765-42DD-87AC-8B2F421D358F}.Release|Any CPU.Build.0 = Release|Any CPU
		{C7D6EA13-8765-42DD-87AC-8B2F421D358F}.Release|x64.ActiveCfg = Release|Any CPU
		{C7D6EA13-8765-42DD-87AC-8B2F421D358F}.Release|x64.Build.0 = Release|Any CPU
		{C7D6EA13-8765-42DD-87AC-8B2F421D358F}.Release|x86.ActiveCfg = Release|Any CPU
		{C7D6EA13-8765-42DD-87AC-8B2F421D358F}.Release|x86.Build.0 = Release|Any CPU
		{5A320ABD-8349-40AA-9319-2C5C3AA968A8}.Debug|Any CPU.ActiveCfg = Debug|Any CPU
		{5A320ABD-8349-40AA-9319-2C5C3AA968A8}.Debug|Any CPU.Build.0 = Debug|Any CPU
		{5A320ABD-8349-40AA-9319-2C5C3AA968A8}.Debug|x64.ActiveCfg = Debug|Any CPU
		{5A320ABD-8349-40AA-9319-2C5C3AA968A8}.Debug|x64.Build.0 = Debug|Any CPU
		{5A320ABD-8349-40AA-9319-2C5C3AA968A8}.Debug|x86.ActiveCfg = Debug|Any CPU
		{5A320ABD-8349-40AA-9319-2C5C3AA968A8}.Debug|x86.Build.0 = Debug|Any CPU
		{5A320ABD-8349-40AA-9319-2C5C3AA968A8}.Release|Any CPU.ActiveCfg = Release|Any CPU
		{5A320ABD-8349-40AA-9319-2C5C3AA968A8}.Release|Any CPU.Build.0 = Release|Any CPU
		{5A320ABD-8349-40AA-9319-2C5C3AA968A8}.Release|x64.ActiveCfg = Release|Any CPU
		{5A320ABD-8349-40AA-9319-2C5C3AA968A8}.Release|x64.Build.0 = Release|Any CPU
		{5A320ABD-8349-40AA-9319-2C5C3AA968A8}.Release|x86.ActiveCfg = Release|Any CPU
		{5A320ABD-8349-40AA-9319-2C5C3AA968A8}.Release|x86.Build.0 = Release|Any CPU
		{02CF32FE-C63E-4EF1-B691-1113C20B8A3B}.Debug|Any CPU.ActiveCfg = Debug|Any CPU
		{02CF32FE-C63E-4EF1-B691-1113C20B8A3B}.Debug|Any CPU.Build.0 = Debug|Any CPU
		{02CF32FE-C63E-4EF1-B691-1113C20B8A3B}.Debug|x64.ActiveCfg = Debug|Any CPU
		{02CF32FE-C63E-4EF1-B691-1113C20B8A3B}.Debug|x64.Build.0 = Debug|Any CPU
		{02CF32FE-C63E-4EF1-B691-1113C20B8A3B}.Debug|x86.ActiveCfg = Debug|Any CPU
		{02CF32FE-C63E-4EF1-B691-1113C20B8A3B}.Debug|x86.Build.0 = Debug|Any CPU
		{02CF32FE-C63E-4EF1-B691-1113C20B8A3B}.Release|Any CPU.ActiveCfg = Release|Any CPU
		{02CF32FE-C63E-4EF1-B691-1113C20B8A3B}.Release|Any CPU.Build.0 = Release|Any CPU
		{02CF32FE-C63E-4EF1-B691-1113C20B8A3B}.Release|x64.ActiveCfg = Release|Any CPU
		{02CF32FE-C63E-4EF1-B691-1113C20B8A3B}.Release|x64.Build.0 = Release|Any CPU
		{02CF32FE-C63E-4EF1-B691-1113C20B8A3B}.Release|x86.ActiveCfg = Release|Any CPU
		{02CF32FE-C63E-4EF1-B691-1113C20B8A3B}.Release|x86.Build.0 = Release|Any CPU
		{DD711120-5E65-4398-AE7A-C3F3EA9DE7FF}.Debug|Any CPU.ActiveCfg = Debug|Any CPU
		{DD711120-5E65-4398-AE7A-C3F3EA9DE7FF}.Debug|Any CPU.Build.0 = Debug|Any CPU
		{DD711120-5E65-4398-AE7A-C3F3EA9DE7FF}.Debug|x64.ActiveCfg = Debug|Any CPU
		{DD711120-5E65-4398-AE7A-C3F3EA9DE7FF}.Debug|x64.Build.0 = Debug|Any CPU
		{DD711120-5E65-4398-AE7A-C3F3EA9DE7FF}.Debug|x86.ActiveCfg = Debug|Any CPU
		{DD711120-5E65-4398-AE7A-C3F3EA9DE7FF}.Debug|x86.Build.0 = Debug|Any CPU
		{DD711120-5E65-4398-AE7A-C3F3EA9DE7FF}.Release|Any CPU.ActiveCfg = Release|Any CPU
		{DD711120-5E65-4398-AE7A-C3F3EA9DE7FF}.Release|Any CPU.Build.0 = Release|Any CPU
		{DD711120-5E65-4398-AE7A-C3F3EA9DE7FF}.Release|x64.ActiveCfg = Release|Any CPU
		{DD711120-5E65-4398-AE7A-C3F3EA9DE7FF}.Release|x64.Build.0 = Release|Any CPU
		{DD711120-5E65-4398-AE7A-C3F3EA9DE7FF}.Release|x86.ActiveCfg = Release|Any CPU
		{DD711120-5E65-4398-AE7A-C3F3EA9DE7FF}.Release|x86.Build.0 = Release|Any CPU
	EndGlobalSection
	GlobalSection(NestedProjects) = preSolution
		{C7D6EA13-8765-42DD-87AC-8B2F421D358F} = {DF380221-ADDE-42C7-A545-3CDFFFAC5DF4}
		{5A320ABD-8349-40AA-9319-2C5C3AA968A8} = {DF380221-ADDE-42C7-A545-3CDFFFAC5DF4}
		{02CF32FE-C63E-4EF1-B691-1113C20B8A3B} = {DF380221-ADDE-42C7-A545-3CDFFFAC5DF4}
		{DD711120-5E65-4398-AE7A-C3F3EA9DE7FF} = {8B2848E6-A959-47E2-80B8-612F5B73B4DE}
	EndGlobalSection
EndGlobal
